
Microsoft Visual Studio Solution File, Format Version 12.00
# Visual Studio Version 16
VisualStudioVersion = 16.0.30611.23
MinimumVisualStudioVersion = 10.0.40219.1
Project("{9A19103F-16F7-4668-BE54-9A1E7A4F7556}") = "Facile.BusinessPortal.StageArea.SAConsole", "Facile.BusinessPortal.StageArea.Console\Facile.BusinessPortal.StageArea.SAConsole.csproj", "{9D0E0F62-270A-41AD-A8F1-1A3EA5D36FB1}"
EndProject
Project("{9A19103F-16F7-4668-BE54-9A1E7A4F7556}") = "Facile.BusinessPortal.StageArea.Model", "Facile.BusinessPortal.StageArea.Model\Facile.BusinessPortal.StageArea.Model.csproj", "{6C8F6894-E4C0-4410-8A4A-07969BB3AF9E}"
EndProject
Project("{9A19103F-16F7-4668-BE54-9A1E7A4F7556}") = "Facile.BusinessPortal.StageArea.Interface", "Facile.BusinessPortal.StageArea.Interface\Facile.BusinessPortal.StageArea.Interface.csproj", "{7B4015F7-6702-4E23-97A8-C123E7D91E96}"
EndProject
Project("{9A19103F-16F7-4668-BE54-9A1E7A4F7556}") = "Facile.BusinessPortal.Library", "Facile.BusinessPortal.Library\Facile.BusinessPortal.Library.csproj", "{0D5EE83D-67C7-42B8-BE67-B97144567B23}"
EndProject
Project("{9A19103F-16F7-4668-BE54-9A1E7A4F7556}") = "Facile.BusinessPortal.StageWebMonitor", "Facile.BusinessPortal.StageWebMonitor\Facile.BusinessPortal.StageWebMonitor.csproj", "{8F8657F8-AB05-440A-8BE0-61138F9B9662}"
EndProject
Project("{FAE04EC0-301F-11D3-BF4B-00C04F79EFBC}") = "Facile.BusinessPortal.StageArea.Service", "Facile.BusinessPortal.StageArea.Service\Facile.BusinessPortal.StageArea.Service.csproj", "{88075E48-9B3F-455A-A78B-10470446CE57}"
EndProject
Global
	GlobalSection(SolutionConfigurationPlatforms) = preSolution
		Debug|Any CPU = Debug|Any CPU
		Release|Any CPU = Release|Any CPU
	EndGlobalSection
	GlobalSection(ProjectConfigurationPlatforms) = postSolution
		{9D0E0F62-270A-41AD-A8F1-1A3EA5D36FB1}.Debug|Any CPU.ActiveCfg = Debug|Any CPU
		{9D0E0F62-270A-41AD-A8F1-1A3EA5D36FB1}.Debug|Any CPU.Build.0 = Debug|Any CPU
		{9D0E0F62-270A-41AD-A8F1-1A3EA5D36FB1}.Release|Any CPU.ActiveCfg = Release|Any CPU
		{9D0E0F62-270A-41AD-A8F1-1A3EA5D36FB1}.Release|Any CPU.Build.0 = Release|Any CPU
		{6C8F6894-E4C0-4410-8A4A-07969BB3AF9E}.Debug|Any CPU.ActiveCfg = Debug|Any CPU
		{6C8F6894-E4C0-4410-8A4A-07969BB3AF9E}.Debug|Any CPU.Build.0 = Debug|Any CPU
		{6C8F6894-E4C0-4410-8A4A-07969BB3AF9E}.Release|Any CPU.ActiveCfg = Release|Any CPU
		{6C8F6894-E4C0-4410-8A4A-07969BB3AF9E}.Release|Any CPU.Build.0 = Release|Any CPU
		{7B4015F7-6702-4E23-97A8-C123E7D91E96}.Debug|Any CPU.ActiveCfg = Debug|Any CPU
		{7B4015F7-6702-4E23-97A8-C123E7D91E96}.Debug|Any CPU.Build.0 = Debug|Any CPU
		{7B4015F7-6702-4E23-97A8-C123E7D91E96}.Release|Any CPU.ActiveCfg = Release|Any CPU
		{7B4015F7-6702-4E23-97A8-C123E7D91E96}.Release|Any CPU.Build.0 = Release|Any CPU
		{0D5EE83D-67C7-42B8-BE67-B97144567B23}.Debug|Any CPU.ActiveCfg = Debug|Any CPU
		{0D5EE83D-67C7-42B8-BE67-B97144567B23}.Debug|Any CPU.Build.0 = Debug|Any CPU
		{0D5EE83D-67C7-42B8-BE67-B97144567B23}.Release|Any CPU.ActiveCfg = Release|Any CPU
		{0D5EE83D-67C7-42B8-BE67-B97144567B23}.Release|Any CPU.Build.0 = Release|Any CPU
		{8F8657F8-AB05-440A-8BE0-61138F9B9662}.Debug|Any CPU.ActiveCfg = Debug|Any CPU
		{8F8657F8-AB05-440A-8BE0-61138F9B9662}.Debug|Any CPU.Build.0 = Debug|Any CPU
		{8F8657F8-AB05-440A-8BE0-61138F9B9662}.Release|Any CPU.ActiveCfg = Release|Any CPU
		{8F8657F8-AB05-440A-8BE0-61138F9B9662}.Release|Any CPU.Build.0 = Release|Any CPU
		{88075E48-9B3F-455A-A78B-10470446CE57}.Debug|Any CPU.ActiveCfg = Debug|Any CPU
		{88075E48-9B3F-455A-A78B-10470446CE57}.Debug|Any CPU.Build.0 = Debug|Any CPU
		{88075E48-9B3F-455A-A78B-10470446CE57}.Release|Any CPU.ActiveCfg = Release|Any CPU
		{88075E48-9B3F-455A-A78B-10470446CE57}.Release|Any CPU.Build.0 = Release|Any CPU
	EndGlobalSection
	GlobalSection(SolutionProperties) = preSolution
		HideSolutionNode = FALSE
	EndGlobalSection
	GlobalSection(ExtensibilityGlobals) = postSolution
		SolutionGuid = {FA760AFF-2C79-44D1-9B87-D387E0A29E9D}
	EndGlobalSection
EndGlobal
